<Solution>
  <Folder Name="/src/ledger/">
    <Project Path="src/ledger/LedgerService.Api/LedgerService.Api.csproj" />
    <Project Path="src/ledger/LedgerService.Application/LedgerService.Application.csproj" />
    <Project Path="src/ledger/LedgerService.Domain/LedgerService.Domain.csproj" />
    <Project Path="src/ledger/LedgerService.Infrastructure/LedgerService.Infrastructure.csproj" />
    <Project Path="src/ledger/LedgerService.Worker/LedgerService.Worker.csproj" />
  </Folder>
  <Folder Name="/src/Shared/">
    <Project Path="src/Shared/KafkaWorkerDefaults/KafkaWorkerDefaults.csproj" />
  </Folder>
  <Folder Name="/tests/ledger/">
    <Project Path="tests/ledger/LedgerService.IntegrationTests/LedgerService.IntegrationTests.csproj" />
    <Project Path="tests/ledger/LedgerService.UnitTests/LedgerService.UnitTests.csproj" />
    <Project Path="tests/ledger/LedgerService.Worker.Tests/LedgerService.Worker.Tests.csproj" />
  </Folder>
  <Folder Name="/tools/">
    <Project Path="tools/ComposeEnvGen/ComposeEnvGen.csproj" />
  </Folder>
</Solution>
