<Solution>
  <Folder Name="/src/" />
  <Folder Name="/src/Shared/">
    <Project Path="src/Shared/ApiDefaults/ApiDefaults.csproj" />
    <Project Path="src/Shared/ApplicationDefaults/ApplicationDefaults.csproj" />
  </Folder>
  <Folder Name="/src/Auth/">
    <Project Path="src/Auth.Api/Auth.Api.csproj" />
  </Folder>
  <Folder Name="/src/Balance/">
    <Project Path="src/BalanceService.Api/BalanceService.Api.csproj" />
    <Project Path="src/BalanceService.Application/BalanceService.Application.csproj" />
    <Project Path="src/BalanceService.Domain/BalanceService.Domain.csproj" />
    <Project Path="src/BalanceService.Infrastructure/BalanceService.Infrastructure.csproj" />
    <Project Path="src/BalanceService.Worker/BalanceService.Worker.csproj" />
  </Folder>
  <Folder Name="/src/Transfer/">
    <Project Path="src/TransferService.Api/TransferService.Api.csproj" />
    <Project Path="src/TransferService.Application/TransferService.Application.csproj" />
    <Project Path="src/TransferService.Domain/TransferService.Domain.csproj" />
    <Project Path="src/TransferService.Infrastructure/TransferService.Infrastructure.csproj" />
  </Folder>
  <Folder Name="/src/Ledger/">
    <Project Path="src/LedgerService.Api/LedgerService.Api.csproj" />
    <Project Path="src/LedgerService.Application/LedgerService.Application.csproj" />
    <Project Path="src/LedgerService.Domain/LedgerService.Domain.csproj" />
    <Project Path="src/LedgerService.Infrastructure/LedgerService.Infrastructure.csproj" />
    <Project Path="src/LedgerService.Worker/LedgerService.Worker.csproj" />
  </Folder>
  <Folder Name="/tests/">
    <Project Path="tests/LedgerService.UnitTests/LedgerService.UnitTests.csproj" />
    <Project Path="tests/LedgerService.IntegrationTests/LedgerService.IntegrationTests.csproj" />
    <Project Path="tests/LedgerService.Worker.Tests/LedgerService.Worker.Tests.csproj" />
    <Project Path="tests/BalanceService.Application.Tests/BalanceService.Application.Tests.csproj" />
    <Project Path="tests/BalanceService.UnitTests/BalanceService.UnitTests.csproj" />
    <Project Path="tests/BalanceService.IntegrationTests/BalanceService.IntegrationTests.csproj" />
    <Project Path="tests/BalanceService.Worker.Tests/BalanceService.Worker.Tests.csproj" />
    <Project Path="tests/TransferService.UnitTests/TransferService.UnitTests.csproj" />
    <Project Path="tests/TransferService.IntegrationTests/TransferService.IntegrationTests.csproj" />
    <Project Path="tests/TransferService.Worker.Tests/TransferService.Worker.Tests.csproj" />
    <Project Path="tests/Auth.UnitTests/Auth.UnitTests.csproj" />
    <Project Path="tests/Auth.IntegrationTests/Auth.IntegrationTests.csproj" />
    <Project Path="tests/Architecture.Tests/Architecture.Tests.csproj" />
  </Folder>
</Solution>
