<Solution>
  <Folder Name="/src/payment/">
    <Project Path="src/payment/PaymentService.Api/PaymentService.Api.csproj" />
    <Project Path="src/payment/PaymentService.Application/PaymentService.Application.csproj" />
    <Project Path="src/payment/PaymentService.Domain/PaymentService.Domain.csproj" />
    <Project Path="src/payment/PaymentService.Infrastructure/PaymentService.Infrastructure.csproj" />
    <Project Path="src/payment/PaymentService.Worker/PaymentService.Worker.csproj" />
  </Folder>
  <Folder Name="/tests/payment/">
    <Project Path="tests/payment/PaymentService.IntegrationTests/PaymentService.IntegrationTests.csproj" />
    <Project Path="tests/payment/PaymentService.UnitTests/PaymentService.UnitTests.csproj" />
  </Folder>
</Solution>
