<Solution>
  <Folder Name="/src/audit/">
    <Project Path="src/audit/AuditService.Api/AuditService.Api.csproj" />
    <Project Path="src/audit/AuditService.Application/AuditService.Application.csproj" />
    <Project Path="src/audit/AuditService.Domain/AuditService.Domain.csproj" />
    <Project Path="src/audit/AuditService.Infrastructure/AuditService.Infrastructure.csproj" />
    <Project Path="src/audit/AuditService.Worker/AuditService.Worker.csproj" />
  </Folder>
  <Folder Name="/src/balance/">
    <Project Path="src/balance/BalanceService.Api/BalanceService.Api.csproj" />
    <Project Path="src/balance/BalanceService.Application/BalanceService.Application.csproj" />
    <Project Path="src/balance/BalanceService.Domain/BalanceService.Domain.csproj" />
    <Project Path="src/balance/BalanceService.Infrastructure/BalanceService.Infrastructure.csproj" />
    <Project Path="src/balance/BalanceService.Worker/BalanceService.Worker.csproj" />
  </Folder>
  <Folder Name="/src/identity/">
    <Project Path="src/identity/IdentityService.Api/IdentityService.Api.csproj" />
    <Project Path="src/identity/IdentityService.Application/IdentityService.Application.csproj" />
    <Project Path="src/identity/IdentityService.Domain/IdentityService.Domain.csproj" />
    <Project Path="src/identity/IdentityService.Infrastructure/IdentityService.Infrastructure.csproj" />
  </Folder>
  <Folder Name="/src/ledger/">
    <Project Path="src/ledger/LedgerService.Api/LedgerService.Api.csproj" />
    <Project Path="src/ledger/LedgerService.Application/LedgerService.Application.csproj" />
    <Project Path="src/ledger/LedgerService.Domain/LedgerService.Domain.csproj" />
    <Project Path="src/ledger/LedgerService.Infrastructure/LedgerService.Infrastructure.csproj" />
    <Project Path="src/ledger/LedgerService.Worker/LedgerService.Worker.csproj" />
  </Folder>
  <Folder Name="/src/payment/">
    <Project Path="src/payment/PaymentService.Api/PaymentService.Api.csproj" />
    <Project Path="src/payment/PaymentService.Application/PaymentService.Application.csproj" />
    <Project Path="src/payment/PaymentService.Domain/PaymentService.Domain.csproj" />
    <Project Path="src/payment/PaymentService.Infrastructure/PaymentService.Infrastructure.csproj" />
    <Project Path="src/payment/PaymentService.Worker/PaymentService.Worker.csproj" />
  </Folder>
  <Folder Name="/src/Shared/">
    <Project Path="src/Shared/ApiDefaults/ApiDefaults.csproj" />
    <Project Path="src/Shared/ApplicationDefaults/ApplicationDefaults.csproj" />
    <Project Path="src/Shared/ContainerHealthProbe/ContainerHealthProbe.csproj" />
    <Project Path="src/Shared/HttpResilienceDefaults/HttpResilienceDefaults.csproj" />
    <Project Path="src/Shared/KafkaWorkerDefaults/KafkaWorkerDefaults.csproj" />
  </Folder>
  <Folder Name="/src/transfer/">
    <Project Path="src/transfer/TransferService.Api/TransferService.Api.csproj" />
    <Project Path="src/transfer/TransferService.Application/TransferService.Application.csproj" />
    <Project Path="src/transfer/TransferService.Domain/TransferService.Domain.csproj" />
    <Project Path="src/transfer/TransferService.Infrastructure/TransferService.Infrastructure.csproj" />
    <Project Path="src/transfer/TransferService.Worker/TransferService.Worker.csproj" />
  </Folder>
  <Folder Name="/tests/Architecture.Tests/">
    <Project Path="tests/Architecture.Tests/Architecture.Tests.csproj" />
  </Folder>
  <Folder Name="/tests/audit/">
    <Project Path="tests/audit/AuditService.Api.Tests/AuditService.Api.Tests.csproj" />
    <Project Path="tests/audit/AuditService.Application.Tests/AuditService.Application.Tests.csproj" />
    <Project Path="tests/audit/AuditService.Domain.Tests/AuditService.Domain.Tests.csproj" />
    <Project Path="tests/audit/AuditService.Infrastructure.Tests/AuditService.Infrastructure.Tests.csproj" />
    <Project Path="tests/audit/AuditService.Worker.Tests/AuditService.Worker.Tests.csproj" />
  </Folder>
  <Folder Name="/tests/balance/">
    <Project Path="tests/balance/BalanceService.Application.Tests/BalanceService.Application.Tests.csproj" />
    <Project Path="tests/balance/BalanceService.IntegrationTests/BalanceService.IntegrationTests.csproj" />
    <Project Path="tests/balance/BalanceService.UnitTests/BalanceService.UnitTests.csproj" />
    <Project Path="tests/balance/BalanceService.Worker.Tests/BalanceService.Worker.Tests.csproj" />
  </Folder>
  <Folder Name="/tests/identity/">
    <Project Path="tests/identity/IdentityService.IntegrationTests/IdentityService.IntegrationTests.csproj" />
    <Project Path="tests/identity/IdentityService.UnitTests/IdentityService.UnitTests.csproj" />
  </Folder>
  <Folder Name="/tests/ledger/">
    <Project Path="tests/ledger/LedgerService.IntegrationTests/LedgerService.IntegrationTests.csproj" />
    <Project Path="tests/ledger/LedgerService.UnitTests/LedgerService.UnitTests.csproj" />
    <Project Path="tests/ledger/LedgerService.Worker.Tests/LedgerService.Worker.Tests.csproj" />
  </Folder>
  <Folder Name="/tests/payment/">
    <Project Path="tests/payment/PaymentService.IntegrationTests/PaymentService.IntegrationTests.csproj" />
    <Project Path="tests/payment/PaymentService.UnitTests/PaymentService.UnitTests.csproj" />
  </Folder>
  <Folder Name="/tests/Shared/">
    <Project Path="tests/Shared/ApiDefaults.Tests/ApiDefaults.Tests.csproj" />
    <Project Path="tests/Shared/ApplicationDefaults.Tests/ApplicationDefaults.Tests.csproj" />
    <Project Path="tests/Shared/ContainerHealthProbe.Tests/ContainerHealthProbe.Tests.csproj" />
    <Project Path="tests/Shared/HttpResilienceDefaults.Tests/HttpResilienceDefaults.Tests.csproj" />
    <Project Path="tests/Shared/KafkaWorkerDefaults.Tests/KafkaWorkerDefaults.Tests.csproj" />
  </Folder>
  <Folder Name="/tests/transfer/">
    <Project Path="tests/transfer/TransferService.IntegrationTests/TransferService.IntegrationTests.csproj" />
    <Project Path="tests/transfer/TransferService.UnitTests/TransferService.UnitTests.csproj" />
    <Project Path="tests/transfer/TransferService.Worker.Tests/TransferService.Worker.Tests.csproj" />
  </Folder>
  <Folder Name="/tests/tooling/">
    <Project Path="tests/tooling/ContainerBaselineValidator.Tests/ContainerBaselineValidator.Tests.csproj" />
  </Folder>
  <Folder Name="/tools/">
    <Project Path="tools/ContainerBaselineValidator/ContainerBaselineValidator.csproj" />
    <Project Path="tools/ComposeEnvGen/ComposeEnvGen.csproj" />
  </Folder>
</Solution>
