<Solution>
  <Folder Name="/src/Shared/">
    <Project Path="src/Shared/ApiDefaults/ApiDefaults.csproj" />
    <Project Path="src/Shared/ApplicationDefaults/ApplicationDefaults.csproj" />
    <Project Path="src/Shared/ContainerHealthProbe/ContainerHealthProbe.csproj" />
    <Project Path="src/Shared/HttpResilienceDefaults/HttpResilienceDefaults.csproj" />
    <Project Path="src/Shared/KafkaWorkerDefaults/KafkaWorkerDefaults.csproj" />
  </Folder>
  <Folder Name="/tests/Shared/">
    <Project Path="tests/Shared/ApiDefaults.Tests/ApiDefaults.Tests.csproj" />
    <Project Path="tests/Shared/ApplicationDefaults.Tests/ApplicationDefaults.Tests.csproj" />
    <Project Path="tests/Shared/ContainerHealthProbe.Tests/ContainerHealthProbe.Tests.csproj" />
    <Project Path="tests/Shared/HttpResilienceDefaults.Tests/HttpResilienceDefaults.Tests.csproj" />
    <Project Path="tests/Shared/KafkaWorkerDefaults.Tests/KafkaWorkerDefaults.Tests.csproj" />
  </Folder>
</Solution>
